// !$*UTF8*$!
{
	archiveVersion = 1;
	classes = {
	};
	objectVersion = 56;
	objects = {

/* Begin PBXBuildFile section */
		BD47D2072B58B781007DDE43 /* FormViewController.swift in Sources */ = {isa = PBXBuildFile; fileRef = BD47D2062B58B781007DDE43 /* FormViewController.swift */; };
		BD47D20C2B58D4EF007DDE43 /* Database.swift in Sources */ = {isa = PBXBuildFile; fileRef = BD47D20B2B58D4EF007DDE43 /* Database.swift */; };
		BD47D2102B58E882007DDE43 /* UserInfo.swift in Sources */ = {isa = PBXBuildFile; fileRef = BD47D20F2B58E882007DDE43 /* UserInfo.swift */; };
		BD47D2122B58FAC7007DDE43 /* ShowInfoViewController.swift in Sources */ = {isa = PBXBuildFile; fileRef = BD47D2112B58FAC7007DDE43 /* ShowInfoViewController.swift */; };
		BD47D2162B59A114007DDE43 /* UserInfoTableViewCell.swift in Sources */ = {isa = PBXBuildFile; fileRef = BD47D2142B59A114007DDE43 /* UserInfoTableViewCell.swift */; };
		BD47D2172B59A114007DDE43 /* UserInfoTableViewCell.xib in Resources */ = {isa = PBXBuildFile; fileRef = BD47D2152B59A114007DDE43 /* UserInfoTableViewCell.xib */; };
		BD6897DE2B57619400D43AD5 /* AppDelegate.swift in Sources */ = {isa = PBXBuildFile; fileRef = BD6897DD2B57619400D43AD5 /* AppDelegate.swift */; };
		BD6897E02B57619400D43AD5 /* SceneDelegate.swift in Sources */ = {isa = PBXBuildFile; fileRef = BD6897DF2B57619400D43AD5 /* SceneDelegate.swift */; };
		BD6897E22B57619400D43AD5 /* MainViewController.swift in Sources */ = {isa = PBXBuildFile; fileRef = BD6897E12B57619400D43AD5 /* MainViewController.swift */; };
		BD6897E52B57619400D43AD5 /* Main.storyboard in Resources */ = {isa = PBXBuildFile; fileRef = BD6897E32B57619400D43AD5 /* Main.storyboard */; };
		BD6897E82B57619400D43AD5 /* DigiForm.xcdatamodeld in Sources */ = {isa = PBXBuildFile; fileRef = BD6897E62B57619400D43AD5 /* DigiForm.xcdatamodeld */; };
		BD6897EA2B57619600D43AD5 /* Assets.xcassets in Resources */ = {isa = PBXBuildFile; fileRef = BD6897E92B57619600D43AD5 /* Assets.xcassets */; };
		BD6897ED2B57619600D43AD5 /* LaunchScreen.storyboard in Resources */ = {isa = PBXBuildFile; fileRef = BD6897EB2B57619600D43AD5 /* LaunchScreen.storyboard */; };
		BDC2549D2B5A10AF00A1D722 /* StringExtensions.swift in Sources */ = {isa = PBXBuildFile; fileRef = BDC2549C2B5A10AF00A1D722 /* StringExtensions.swift */; };
/* End PBXBuildFile section */

/* Begin PBXFileReference section */
		BD47D2062B58B781007DDE43 /* FormViewController.swift */ = {isa = PBXFileReference; lastKnownFileType = sourcecode.swift; path = FormViewController.swift; sourceTree = "<group>"; };
		BD47D20B2B58D4EF007DDE43 /* Database.swift */ = {isa = PBXFileReference; lastKnownFileType = sourcecode.swift; path = Database.swift; sourceTree = "<group>"; };
		BD47D20F2B58E882007DDE43 /* UserInfo.swift */ = {isa = PBXFileReference; lastKnownFileType = sourcecode.swift; path = UserInfo.swift; sourceTree = "<group>"; };
		BD47D2112B58FAC7007DDE43 /* ShowInfoViewController.swift */ = {isa = PBXFileReference; lastKnownFileType = sourcecode.swift; path = ShowInfoViewController.swift; sourceTree = "<group>"; };
		BD47D2142B59A114007DDE43 /* UserInfoTableViewCell.swift */ = {isa = PBXFileReference; lastKnownFileType = sourcecode.swift; path = UserInfoTableViewCell.swift; sourceTree = "<group>"; };
		BD47D2152B59A114007DDE43 /* UserInfoTableViewCell.xib */ = {isa = PBXFileReference; lastKnownFileType = file.xib; path = UserInfoTableViewCell.xib; sourceTree = "<group>"; };
		BD6897DA2B57619400D43AD5 /* DigiForm.app */ = {isa = PBXFileReference; explicitFileType = wrapper.application; includeInIndex = 0; path = DigiForm.app; sourceTree = BUILT_PRODUCTS_DIR; };
		BD6897DD2B57619400D43AD5 /* AppDelegate.swift */ = {isa = PBXFileReference; lastKnownFileType = sourcecode.swift; path = AppDelegate.swift; sourceTree = "<group>"; };
		BD6897DF2B57619400D43AD5 /* SceneDelegate.swift */ = {isa = PBXFileReference; lastKnownFileType = sourcecode.swift; path = SceneDelegate.swift; sourceTree = "<group>"; };
		BD6897E12B57619400D43AD5 /* MainViewController.swift */ = {isa = PBXFileReference; lastKnownFileType = sourcecode.swift; path = MainViewController.swift; sourceTree = "<group>"; };
		BD6897E42B57619400D43AD5 /* Base */ = {isa = PBXFileReference; lastKnownFileType = file.storyboard; name = Base; path = Base.lproj/Main.storyboard; sourceTree = "<group>"; };
		BD6897E72B57619400D43AD5 /* DigiForm.xcdatamodel */ = {isa = PBXFileReference; lastKnownFileType = wrapper.xcdatamodel; path = DigiForm.xcdatamodel; sourceTree = "<group>"; };
		BD6897E92B57619600D43AD5 /* Assets.xcassets */ = {isa = PBXFileReference; lastKnownFileType = folder.assetcatalog; path = Assets.xcassets; sourceTree = "<group>"; };
		BD6897EC2B57619600D43AD5 /* Base */ = {isa = PBXFileReference; lastKnownFileType = file.storyboard; name = Base; path = Base.lproj/LaunchScreen.storyboard; sourceTree = "<group>"; };
		BD6897EE2B57619600D43AD5 /* Info.plist */ = {isa = PBXFileReference; lastKnownFileType = text.plist.xml; path = Info.plist; sourceTree = "<group>"; };
		BDC2549C2B5A10AF00A1D722 /* StringExtensions.swift */ = {isa = PBXFileReference; lastKnownFileType = sourcecode.swift; path = StringExtensions.swift; sourceTree = "<group>"; };
/* End PBXFileReference section */

/* Begin PBXFrameworksBuildPhase section */
		BD6897D72B57619400D43AD5 /* Frameworks */ = {
			isa = PBXFrameworksBuildPhase;
			buildActionMask = 2147483647;
			files = (
			);
			runOnlyForDeploymentPostprocessing = 0;
		};
/* End PBXFrameworksBuildPhase section */

/* Begin PBXGroup section */
		BD47D2092B58B7B2007DDE43 /* Views */ = {
			isa = PBXGroup;
			children = (
				BD47D2132B59A0EB007DDE43 /* Reusable */,
				BD47D2062B58B781007DDE43 /* FormViewController.swift */,
				BD6897E12B57619400D43AD5 /* MainViewController.swift */,
				BD47D2112B58FAC7007DDE43 /* ShowInfoViewController.swift */,
			);
			path = Views;
			sourceTree = "<group>";
		};
		BD47D20A2B58D4E3007DDE43 /* Providers */ = {
			isa = PBXGroup;
			children = (
				BD47D20D2B58D4FB007DDE43 /* Database */,
			);
			path = Providers;
			sourceTree = "<group>";
		};
		BD47D20D2B58D4FB007DDE43 /* Database */ = {
			isa = PBXGroup;
			children = (
				BD47D20B2B58D4EF007DDE43 /* Database.swift */,
			);
			path = Database;
			sourceTree = "<group>";
		};
		BD47D20E2B58E85A007DDE43 /* Models */ = {
			isa = PBXGroup;
			children = (
				BD47D20F2B58E882007DDE43 /* UserInfo.swift */,
			);
			path = Models;
			sourceTree = "<group>";
		};
		BD47D2132B59A0EB007DDE43 /* Reusable */ = {
			isa = PBXGroup;
			children = (
				BD47D2142B59A114007DDE43 /* UserInfoTableViewCell.swift */,
				BD47D2152B59A114007DDE43 /* UserInfoTableViewCell.xib */,
			);
			path = Reusable;
			sourceTree = "<group>";
		};
		BD6897D12B57619400D43AD5 = {
			isa = PBXGroup;
			children = (
				BD6897DC2B57619400D43AD5 /* DigiForm */,
				BD6897DB2B57619400D43AD5 /* Products */,
			);
			sourceTree = "<group>";
		};
		BD6897DB2B57619400D43AD5 /* Products */ = {
			isa = PBXGroup;
			children = (
				BD6897DA2B57619400D43AD5 /* DigiForm.app */,
			);
			name = Products;
			sourceTree = "<group>";
		};
		BD6897DC2B57619400D43AD5 /* DigiForm */ = {
			isa = PBXGroup;
			children = (
				BDC2549B2B5A10A100A1D722 /* Helpers */,
				BD47D20E2B58E85A007DDE43 /* Models */,
				BD47D20A2B58D4E3007DDE43 /* Providers */,
				BD47D2092B58B7B2007DDE43 /* Views */,
				BD6897DD2B57619400D43AD5 /* AppDelegate.swift */,
				BD6897DF2B57619400D43AD5 /* SceneDelegate.swift */,
				BD6897E32B57619400D43AD5 /* Main.storyboard */,
				BD6897E92B57619600D43AD5 /* Assets.xcassets */,
				BD6897EB2B57619600D43AD5 /* LaunchScreen.storyboard */,
				BD6897EE2B57619600D43AD5 /* Info.plist */,
				BD6897E62B57619400D43AD5 /* DigiForm.xcdatamodeld */,
			);
			path = DigiForm;
			sourceTree = "<group>";
		};
		BDC2549B2B5A10A100A1D722 /* Helpers */ = {
			isa = PBXGroup;
			children = (
				BDC2549C2B5A10AF00A1D722 /* StringExtensions.swift */,
			);
			path = Helpers;
			sourceTree = "<group>";
		};
/* End PBXGroup section */

/* Begin PBXNativeTarget section */
		BD6897D92B57619400D43AD5 /* DigiForm */ = {
			isa = PBXNativeTarget;
			buildConfigurationList = BD6897F12B57619600D43AD5 /* Build configuration list for PBXNativeTarget "DigiForm" */;
			buildPhases = (
				BD6897D62B57619400D43AD5 /* Sources */,
				BD6897D72B57619400D43AD5 /* Frameworks */,
				BD6897D82B57619400D43AD5 /* Resources */,
			);
			buildRules = (
			);
			dependencies = (
			);
			name = DigiForm;
			productName = DigiForm;
			productReference = BD6897DA2B57619400D43AD5 /* DigiForm.app */;
			productType = "com.apple.product-type.application";
		};
/* End PBXNativeTarget section */

/* Begin PBXProject section */
		BD6897D22B57619400D43AD5 /* Project object */ = {
			isa = PBXProject;
			attributes = {
				BuildIndependentTargetsInParallel = 1;
				LastSwiftUpdateCheck = 1520;
				LastUpgradeCheck = 1520;
				TargetAttributes = {
					BD6897D92B57619400D43AD5 = {
						CreatedOnToolsVersion = 15.2;
					};
				};
			};
			buildConfigurationList = BD6897D52B57619400D43AD5 /* Build configuration list for PBXProject "DigiForm" */;
			compatibilityVersion = "Xcode 14.0";
			developmentRegion = en;
			hasScannedForEncodings = 0;
			knownRegions = (
				en,
				Base,
			);
			mainGroup = BD6897D12B57619400D43AD5;
			productRefGroup = BD6897DB2B57619400D43AD5 /* Products */;
			projectDirPath = "";
			projectRoot = "";
			targets = (
				BD6897D92B57619400D43AD5 /* DigiForm */,
			);
		};
/* End PBXProject section */

/* Begin PBXResourcesBuildPhase section */
		BD6897D82B57619400D43AD5 /* Resources */ = {
			isa = PBXResourcesBuildPhase;
			buildActionMask = 2147483647;
			files = (
				BD47D2172B59A114007DDE43 /* UserInfoTableViewCell.xib in Resources */,
				BD6897ED2B57619600D43AD5 /* LaunchScreen.storyboard in Resources */,
				BD6897EA2B57619600D43AD5 /* Assets.xcassets in Resources */,
				BD6897E52B57619400D43AD5 /* Main.storyboard in Resources */,
			);
			runOnlyForDeploymentPostprocessing = 0;
		};
/* End PBXResourcesBuildPhase section */

/* Begin PBXSourcesBuildPhase section */
		BD6897D62B57619400D43AD5 /* Sources */ = {
			isa = PBXSourcesBuildPhase;
			buildActionMask = 2147483647;
			files = (
				BD47D20C2B58D4EF007DDE43 /* Database.swift in Sources */,
				BD6897E22B57619400D43AD5 /* MainViewController.swift in Sources */,
				BDC2549D2B5A10AF00A1D722 /* StringExtensions.swift in Sources */,
				BD6897DE2B57619400D43AD5 /* AppDelegate.swift in Sources */,
				BD47D2162B59A114007DDE43 /* UserInfoTableViewCell.swift in Sources */,
				BD47D2122B58FAC7007DDE43 /* ShowInfoViewController.swift in Sources */,
				BD6897E82B57619400D43AD5 /* DigiForm.xcdatamodeld in Sources */,
				BD47D2072B58B781007DDE43 /* FormViewController.swift in Sources */,
				BD47D2102B58E882007DDE43 /* UserInfo.swift in Sources */,
				BD6897E02B57619400D43AD5 /* SceneDelegate.swift in Sources */,
			);
			runOnlyForDeploymentPostprocessing = 0;
		};
/* End PBXSourcesBuildPhase section */

/* Begin PBXVariantGroup section */
		BD6897E32B57619400D43AD5 /* Main.storyboard */ = {
			isa = PBXVariantGroup;
			children = (
				BD6897E42B57619400D43AD5 /* Base */,
			);
			name = Main.storyboard;
			sourceTree = "<group>";
		};
		BD6897EB2B57619600D43AD5 /* LaunchScreen.storyboard */ = {
			isa = PBXVariantGroup;
			children = (
				BD6897EC2B57619600D43AD5 /* Base */,
			);
			name = LaunchScreen.storyboard;
			sourceTree = "<group>";
		};
/* End PBXVariantGroup section */

/* Begin XCBuildConfiguration section */
		BD6897EF2B57619600D43AD5 /* Debug */ = {
			isa = XCBuildConfiguration;
			buildSettings = {
				ALWAYS_SEARCH_USER_PATHS = NO;
				ASSETCATALOG_COMPILER_GENERATE_SWIFT_ASSET_SYMBOL_EXTENSIONS = YES;
				CLANG_ANALYZER_NONNULL = YES;
				CLANG_ANALYZER_NUMBER_OBJECT_CONVERSION = YES_AGGRESSIVE;
				CLANG_CXX_LANGUAGE_STANDARD = "gnu++20";
				CLANG_ENABLE_MODULES = YES;
				CLANG_ENABLE_OBJC_ARC = YES;
				CLANG_ENABLE_OBJC_WEAK = YES;
				CLANG_WARN_BLOCK_CAPTURE_AUTORELEASING = YES;
				CLANG_WARN_BOOL_CONVERSION = YES;
				CLANG_WARN_COMMA = YES;
				CLANG_WARN_CONSTANT_CONVERSION = YES;
				CLANG_WARN_DEPRECATED_OBJC_IMPLEMENTATIONS = YES;
				CLANG_WARN_DIRECT_OBJC_ISA_USAGE = YES_ERROR;
				CLANG_WARN_DOCUMENTATION_COMMENTS = YES;
				CLANG_WARN_EMPTY_BODY = YES;
				CLANG_WARN_ENUM_CONVERSION = YES;
				CLANG_WARN_INFINITE_RECURSION = YES;
				CLANG_WARN_INT_CONVERSION = YES;
				CLANG_WARN_NON_LITERAL_NULL_CONVERSION = YES;
				CLANG_WARN_OBJC_IMPLICIT_RETAIN_SELF = YES;
				CLANG_WARN_OBJC_LITERAL_CONVERSION = YES;
				CLANG_WARN_OBJC_ROOT_CLASS = YES_ERROR;
				CLANG_WARN_QUOTED_INCLUDE_IN_FRAMEWORK_HEADER = YES;
				CLANG_WARN_RANGE_LOOP_ANALYSIS = YES;
				CLANG_WARN_STRICT_PROTOTYPES = YES;
				CLANG_WARN_SUSPICIOUS_MOVE = YES;
				CLANG_WARN_UNGUARDED_AVAILABILITY = YES_AGGRESSIVE;
				CLANG_WARN_UNREACHABLE_CODE = YES;
				CLANG_WARN__DUPLICATE_METHOD_MATCH = YES;
				COPY_PHASE_STRIP = NO;
				DEBUG_INFORMATION_FORMAT = dwarf;
				ENABLE_STRICT_OBJC_MSGSEND = YES;
				ENABLE_TESTABILITY = YES;
				ENABLE_USER_SCRIPT_SANDBOXING = YES;
				GCC_C_LANGUAGE_STANDARD = gnu17;
				GCC_DYNAMIC_NO_PIC = NO;
				GCC_NO_COMMON_BLOCKS = YES;
				GCC_OPTIMIZATION_LEVEL = 0;
				GCC_PREPROCESSOR_DEFINITIONS = (
					"DEBUG=1",
					"$(inherited)",
				);
				GCC_WARN_64_TO_32_BIT_CONVERSION = YES;
				GCC_WARN_ABOUT_RETURN_TYPE = YES_ERROR;
				GCC_WARN_UNDECLARED_SELECTOR = YES;
				GCC_WARN_UNINITIALIZED_AUTOS = YES_AGGRESSIVE;
				GCC_WARN_UNUSED_FUNCTION = YES;
				GCC_WARN_UNUSED_VARIABLE = YES;
				IPHONEOS_DEPLOYMENT_TARGET = 17.2;
				LOCALIZATION_PREFERS_STRING_CATALOGS = YES;
				MTL_ENABLE_DEBUG_INFO = INCLUDE_SOURCE;
				MTL_FAST_MATH = YES;
				ONLY_ACTIVE_ARCH = YES;
				SDKROOT = iphoneos;
				SWIFT_ACTIVE_COMPILATION_CONDITIONS = "DEBUG $(inherited)";
				SWIFT_OPTIMIZATION_LEVEL = "-Onone";
			};
			name = Debug;
		};
		BD6897F02B57619600D43AD5 /* Release */ = {
			isa = XCBuildConfiguration;
			buildSettings = {
				ALWAYS_SEARCH_USER_PATHS = NO;
				ASSETCATALOG_COMPILER_GENERATE_SWIFT_ASSET_SYMBOL_EXTENSIONS = YES;
				CLANG_ANALYZER_NONNULL = YES;
				CLANG_ANALYZER_NUMBER_OBJECT_CONVERSION = YES_AGGRESSIVE;
				CLANG_CXX_LANGUAGE_STANDARD = "gnu++20";
				CLANG_ENABLE_MODULES = YES;
				CLANG_ENABLE_OBJC_ARC = YES;
				CLANG_ENABLE_OBJC_WEAK = YES;
				CLANG_WARN_BLOCK_CAPTURE_AUTORELEASING = YES;
				CLANG_WARN_BOOL_CONVERSION = YES;
				CLANG_WARN_COMMA = YES;
				CLANG_WARN_CONSTANT_CONVERSION = YES;
				CLANG_WARN_DEPRECATED_OBJC_IMPLEMENTATIONS = YES;
				CLANG_WARN_DIRECT_OBJC_ISA_USAGE = YES_ERROR;
				CLANG_WARN_DOCUMENTATION_COMMENTS = YES;
				CLANG_WARN_EMPTY_BODY = YES;
				CLANG_WARN_ENUM_CONVERSION = YES;
				CLANG_WARN_INFINITE_RECURSION = YES;
				CLANG_WARN_INT_CONVERSION = YES;
				CLANG_WARN_NON_LITERAL_NULL_CONVERSION = YES;
				CLANG_WARN_OBJC_IMPLICIT_RETAIN_SELF = YES;
				CLANG_WARN_OBJC_LITERAL_CONVERSION = YES;
				CLANG_WARN_OBJC_ROOT_CLASS = YES_ERROR;
				CLANG_WARN_QUOTED_INCLUDE_IN_FRAMEWORK_HEADER = YES;
				CLANG_WARN_RANGE_LOOP_ANALYSIS = YES;
				CLANG_WARN_STRICT_PROTOTYPES = YES;
				CLANG_WARN_SUSPICIOUS_MOVE = YES;
				CLANG_WARN_UNGUARDED_AVAILABILITY = YES_AGGRESSIVE;
				CLANG_WARN_UNREACHABLE_CODE = YES;
				CLANG_WARN__DUPLICATE_METHOD_MATCH = YES;
				COPY_PHASE_STRIP = NO;
				DEBUG_INFORMATION_FORMAT = "dwarf-with-dsym";
				ENABLE_NS_ASSERTIONS = NO;
				ENABLE_STRICT_OBJC_MSGSEND = YES;
				ENABLE_USER_SCRIPT_SANDBOXING = YES;
				GCC_C_LANGUAGE_STANDARD = gnu17;
				GCC_NO_COMMON_BLOCKS = YES;
				GCC_WARN_64_TO_32_BIT_CONVERSION = YES;
				GCC_WARN_ABOUT_RETURN_TYPE = YES_ERROR;
				GCC_WARN_UNDECLARED_SELECTOR = YES;
				GCC_WARN_UNINITIALIZED_AUTOS = YES_AGGRESSIVE;
				GCC_WARN_UNUSED_FUNCTION = YES;
				GCC_WARN_UNUSED_VARIABLE = YES;
				IPHONEOS_DEPLOYMENT_TARGET = 17.2;
				LOCALIZATION_PREFERS_STRING_CATALOGS = YES;
				MTL_ENABLE_DEBUG_INFO = NO;
				MTL_FAST_MATH = YES;
				SDKROOT = iphoneos;
				SWIFT_COMPILATION_MODE = wholemodule;
				VALIDATE_PRODUCT = YES;
			};
			name = Release;
		};
		BD6897F22B57619600D43AD5 /* Debug */ = {
			isa = XCBuildConfiguration;
			buildSettings = {
				ASSETCATALOG_COMPILER_APPICON_NAME = AppIcon;
				ASSETCATALOG_COMPILER_GLOBAL_ACCENT_COLOR_NAME = AccentColor;
				CODE_SIGN_STYLE = Automatic;
				CURRENT_PROJECT_VERSION = 1;
				GENERATE_INFOPLIST_FILE = YES;
				INFOPLIST_FILE = DigiForm/Info.plist;
				INFOPLIST_KEY_UIApplicationSupportsIndirectInputEvents = YES;
				INFOPLIST_KEY_UILaunchStoryboardName = LaunchScreen;
				INFOPLIST_KEY_UIMainStoryboardFile = Main;
				INFOPLIST_KEY_UISupportedInterfaceOrientations = UIInterfaceOrientationPortrait;
				LD_RUNPATH_SEARCH_PATHS = (
					"$(inherited)",
					"@executable_path/Frameworks",
				);
				MARKETING_VERSION = 1.0;
				PRODUCT_BUNDLE_IDENTIFIER = com.outatime.DigiForm;
				PRODUCT_NAME = "$(TARGET_NAME)";
				SWIFT_EMIT_LOC_STRINGS = YES;
				SWIFT_VERSION = 5.0;
				TARGETED_DEVICE_FAMILY = "1,2";
			};
			name = Debug;
		};
		BD6897F32B57619600D43AD5 /* Release */ = {
			isa = XCBuildConfiguration;
			buildSettings = {
				ASSETCATALOG_COMPILER_APPICON_NAME = AppIcon;
				ASSETCATALOG_COMPILER_GLOBAL_ACCENT_COLOR_NAME = AccentColor;
				CODE_SIGN_STYLE = Automatic;
				CURRENT_PROJECT_VERSION = 1;
				GENERATE_INFOPLIST_FILE = YES;
				INFOPLIST_FILE = DigiForm/Info.plist;
				INFOPLIST_KEY_UIApplicationSupportsIndirectInputEvents = YES;
				INFOPLIST_KEY_UILaunchStoryboardName = LaunchScreen;
				INFOPLIST_KEY_UIMainStoryboardFile = Main;
				INFOPLIST_KEY_UISupportedInterfaceOrientations = UIInterfaceOrientationPortrait;
				LD_RUNPATH_SEARCH_PATHS = (
					"$(inherited)",
					"@executable_path/Frameworks",
				);
				MARKETING_VERSION = 1.0;
				PRODUCT_BUNDLE_IDENTIFIER = com.outatime.DigiForm;
				PRODUCT_NAME = "$(TARGET_NAME)";
				SWIFT_EMIT_LOC_STRINGS = YES;
				SWIFT_VERSION = 5.0;
				TARGETED_DEVICE_FAMILY = "1,2";
			};
			name = Release;
		};
/* End XCBuildConfiguration section */

/* Begin XCConfigurationList section */
		BD6897D52B57619400D43AD5 /* Build configuration list for PBXProject "DigiForm" */ = {
			isa = XCConfigurationList;
			buildConfigurations = (
				BD6897EF2B57619600D43AD5 /* Debug */,
				BD6897F02B57619600D43AD5 /* Release */,
			);
			defaultConfigurationIsVisible = 0;
			defaultConfigurationName = Release;
		};
		BD6897F12B57619600D43AD5 /* Build configuration list for PBXNativeTarget "DigiForm" */ = {
			isa = XCConfigurationList;
			buildConfigurations = (
				BD6897F22B57619600D43AD5 /* Debug */,
				BD6897F32B57619600D43AD5 /* Release */,
			);
			defaultConfigurationIsVisible = 0;
			defaultConfigurationName = Release;
		};
/* End XCConfigurationList section */

/* Begin XCVersionGroup section */
		BD6897E62B57619400D43AD5 /* DigiForm.xcdatamodeld */ = {
			isa = XCVersionGroup;
			children = (
				BD6897E72B57619400D43AD5 /* DigiForm.xcdatamodel */,
			);
			currentVersion = BD6897E72B57619400D43AD5 /* DigiForm.xcdatamodel */;
			path = DigiForm.xcdatamodeld;
			sourceTree = "<group>";
			versionGroupType = wrapper.xcdatamodel;
		};
/* End XCVersionGroup section */
	};
	rootObject = BD6897D22B57619400D43AD5 /* Project object */;
}
